
Microsoft Visual Studio Solution File, Format Version 12.00
# Visual Studio 14
VisualStudioVersion = 14.0.25420.1
MinimumVisualStudioVersion = 10.0.40219.1
Project("{FAE04EC0-301F-11D3-BF4B-00C04F79EFBC}") = "Couatl2", "Couatl2\Couatl2.csproj", "{20150147-C69D-4D8B-89AF-0D5572166B5F}"
EndProject
Project("{FAE04EC0-301F-11D3-BF4B-00C04F79EFBC}") = "UnitTestProject1", "UnitTestProject1\UnitTestProject1.csproj", "{0A8D08F5-6B22-462E-8532-303A6618BA16}"
EndProject
Global
	GlobalSection(SolutionConfigurationPlatforms) = preSolution
		Debug|Any CPU = Debug|Any CPU
		Release|Any CPU = Release|Any CPU
	EndGlobalSection
	GlobalSection(ProjectConfigurationPlatforms) = postSolution
		{20150147-C69D-4D8B-89AF-0D5572166B5F}.Debug|Any CPU.ActiveCfg = Debug|Any CPU
		{20150147-C69D-4D8B-89AF-0D5572166B5F}.Debug|Any CPU.Build.0 = Debug|Any CPU
		{20150147-C69D-4D8B-89AF-0D5572166B5F}.Release|Any CPU.ActiveCfg = Release|Any CPU
		{20150147-C69D-4D8B-89AF-0D5572166B5F}.Release|Any CPU.Build.0 = Release|Any CPU
		{0A8D08F5-6B22-462E-8532-303A6618BA16}.Debug|Any CPU.ActiveCfg = Debug|Any CPU
		{0A8D08F5-6B22-462E-8532-303A6618BA16}.Debug|Any CPU.Build.0 = Debug|Any CPU
		{0A8D08F5-6B22-462E-8532-303A6618BA16}.Release|Any CPU.ActiveCfg = Release|Any CPU
		{0A8D08F5-6B22-462E-8532-303A6618BA16}.Release|Any CPU.Build.0 = Release|Any CPU
	EndGlobalSection
	GlobalSection(SolutionProperties) = preSolution
		HideSolutionNode = FALSE
	EndGlobalSection
EndGlobal
